
Microsoft Visual Studio Solution File, Format Version 12.00
# Visual Studio Version 16
VisualStudioVersion = 16.0.29709.97
MinimumVisualStudioVersion = 10.0.40219.1
Project("{FAE04EC0-301F-11D3-BF4B-00C04F79EFBC}") = "DroneLocationTracker", "DroneLocationTracker\DroneLocationTracker.csproj", "{54C54B2A-4601-4328-AAA1-317BC0C9F425}"
EndProject
Global
	GlobalSection(SolutionConfigurationPlatforms) = preSolution
		Debug|Any CPU = Debug|Any CPU
		Release|Any CPU = Release|Any CPU
	EndGlobalSection
	GlobalSection(ProjectConfigurationPlatforms) = postSolution
		{54C54B2A-4601-4328-AAA1-317BC0C9F425}.Debug|Any CPU.ActiveCfg = Debug|Any CPU
		{54C54B2A-4601-4328-AAA1-317BC0C9F425}.Debug|Any CPU.Build.0 = Debug|Any CPU
		{54C54B2A-4601-4328-AAA1-317BC0C9F425}.Release|Any CPU.ActiveCfg = Release|Any CPU
		{54C54B2A-4601-4328-AAA1-317BC0C9F425}.Release|Any CPU.Build.0 = Release|Any CPU
	EndGlobalSection
	GlobalSection(SolutionProperties) = preSolution
		HideSolutionNode = FALSE
	EndGlobalSection
	GlobalSection(ExtensibilityGlobals) = postSolution
		SolutionGuid = {380F45B3-6600-419B-BB4A-C1E6BE3810AB}
	EndGlobalSection
EndGlobal
